
Microsoft Visual Studio Solution File, Format Version 12.00
# Visual Studio Version 17
VisualStudioVersion = 17.5.002.0
MinimumVisualStudioVersion = 10.0.40219.1
Project("{9A19103F-16F7-4668-BE54-9A1E7A4F7556}") = "okta-scim-server-dotnet", "okta-scim-server-dotnet.csproj", "{169B459A-D71D-4BEB-B802-CF46CF5AE47B}"
EndProject
Global
	GlobalSection(SolutionConfigurationPlatforms) = preSolution
		Debug|Any CPU = Debug|Any CPU
		Release|Any CPU = Release|Any CPU
	EndGlobalSection
	GlobalSection(ProjectConfigurationPlatforms) = postSolution
		{169B459A-D71D-4BEB-B802-CF46CF5AE47B}.Debug|Any CPU.ActiveCfg = Debug|Any CPU
		{169B459A-D71D-4BEB-B802-CF46CF5AE47B}.Debug|Any CPU.Build.0 = Debug|Any CPU
		{169B459A-D71D-4BEB-B802-CF46CF5AE47B}.Release|Any CPU.ActiveCfg = Release|Any CPU
		{169B459A-D71D-4BEB-B802-CF46CF5AE47B}.Release|Any CPU.Build.0 = Release|Any CPU
	EndGlobalSection
	GlobalSection(SolutionProperties) = preSolution
		HideSolutionNode = FALSE
	EndGlobalSection
	GlobalSection(ExtensibilityGlobals) = postSolution
		SolutionGuid = {7F98F38A-C6F8-4A70-AADB-8ABF767743C9}
	EndGlobalSection
EndGlobal
